
Microsoft Visual Studio Solution File, Format Version 12.00
# Visual Studio Version 16
VisualStudioVersion = 16.0.31410.357
MinimumVisualStudioVersion = 10.0.40219.1
Project("{FAE04EC0-301F-11D3-BF4B-00C04F79EFBC}") = "CuffedTK", "CuffedTK\CuffedTK.csproj", "{D6AA6DD6-A481-47E0-8E3D-D70462743C28}"
EndProject
Global
	GlobalSection(SolutionConfigurationPlatforms) = preSolution
		Debug|Any CPU = Debug|Any CPU
		Release|Any CPU = Release|Any CPU
	EndGlobalSection
	GlobalSection(ProjectConfigurationPlatforms) = postSolution
		{D6AA6DD6-A481-47E0-8E3D-D70462743C28}.Debug|Any CPU.ActiveCfg = Debug|Any CPU
		{D6AA6DD6-A481-47E0-8E3D-D70462743C28}.Debug|Any CPU.Build.0 = Debug|Any CPU
		{D6AA6DD6-A481-47E0-8E3D-D70462743C28}.Release|Any CPU.ActiveCfg = Release|Any CPU
		{D6AA6DD6-A481-47E0-8E3D-D70462743C28}.Release|Any CPU.Build.0 = Release|Any CPU
	EndGlobalSection
	GlobalSection(SolutionProperties) = preSolution
		HideSolutionNode = FALSE
	EndGlobalSection
	GlobalSection(ExtensibilityGlobals) = postSolution
		SolutionGuid = {FF163364-35C9-4F9A-BED3-B9A0835205B9}
	EndGlobalSection
EndGlobal
